
Microsoft Visual Studio Solution File, Format Version 12.00
# Visual Studio Version 16
VisualStudioVersion = 16.0.28803.452
MinimumVisualStudioVersion = 10.0.40219.1
Project("{FAE04EC0-301F-11D3-BF4B-00C04F79EFBC}") = "ifelsestatement", "ifelsestatement.csproj", "{C1DCBA69-9E1B-4330-8B0E-FD42400CA61D}"
EndProject
Global
	GlobalSection(SolutionConfigurationPlatforms) = preSolution
		Debug|Any CPU = Debug|Any CPU
		Release|Any CPU = Release|Any CPU
	EndGlobalSection
	GlobalSection(ProjectConfigurationPlatforms) = postSolution
		{C1DCBA69-9E1B-4330-8B0E-FD42400CA61D}.Debug|Any CPU.ActiveCfg = Debug|Any CPU
		{C1DCBA69-9E1B-4330-8B0E-FD42400CA61D}.Debug|Any CPU.Build.0 = Debug|Any CPU
		{C1DCBA69-9E1B-4330-8B0E-FD42400CA61D}.Release|Any CPU.ActiveCfg = Release|Any CPU
		{C1DCBA69-9E1B-4330-8B0E-FD42400CA61D}.Release|Any CPU.Build.0 = Release|Any CPU
	EndGlobalSection
	GlobalSection(SolutionProperties) = preSolution
		HideSolutionNode = FALSE
	EndGlobalSection
	GlobalSection(ExtensibilityGlobals) = postSolution
		SolutionGuid = {8E7463BA-54C4-4F3D-B342-C725DD8BC2CB}
	EndGlobalSection
EndGlobal
